<Solution>
  <Folder Name="/loader/">
    <Project Path="loader/TSMods.Cli/TSMods.Cli.csproj" />
    <Project Path="loader/TSMods.Core.Tests/TSMods.Core.Tests.csproj" />
    <Project Path="loader/TSMods.Core/TSMods.Core.csproj" />
    <Project Path="loader/TSMods.Loader.Tests/TSMods.Loader.Tests.csproj" />
    <Project Path="loader/TSMods.Loader/TSMods.Loader.csproj" />
  </Folder>
  <Folder Name="/mods/">
    <Project Path="mods/TrialsSurvivors.EliteHealthBars/TrialsSurvivors.EliteHealthBars.csproj" />
    <Project Path="mods/TrialsSurvivors.RunHistory/TrialsSurvivors.RunHistory.csproj" />
    <Project Path="mods/TrialsSurvivors.RunHud/TrialsSurvivors.RunHud.csproj" />
    <Project Path="mods/TrialsSurvivors.UncapAoE/TrialsSurvivors.UncapAoE.csproj" />
  </Folder>
</Solution>
